// !$*UTF8*$!
{
	archiveVersion = 1;
	classes = {
	};
	objectVersion = 56;
	objects = {

/* Begin PBXBuildFile section */
		92671BA02A2B53DB005E351B /* WebView.swift in Sources */ = {isa = PBXBuildFile; fileRef = 92671B9F2A2B53DB005E351B /* WebView.swift */; };
		92E167D02A27CD3D00EE1EF7 /* ContentView.swift in Sources */ = {isa = PBXBuildFile; fileRef = 92E167CF2A27CD3D00EE1EF7 /* ContentView.swift */; };
		92E167DF2A29195C00EE1EF7 /* App.swift in Sources */ = {isa = PBXBuildFile; fileRef = 92E167DE2A29195C00EE1EF7 /* App.swift */; };
		92E167E22A291A6F00EE1EF7 /* Preview Content in Resources */ = {isa = PBXBuildFile; fileRef = 92E167E12A291A6F00EE1EF7 /* Preview Content */; };
		92E167FE2A291B9F00EE1EF7 /* DIContainer.swift in Sources */ = {isa = PBXBuildFile; fileRef = 92E167FD2A291B9F00EE1EF7 /* DIContainer.swift */; };
		92E168012A291BEE00EE1EF7 /* Logger.swift in Sources */ = {isa = PBXBuildFile; fileRef = 92E168002A291BEE00EE1EF7 /* Logger.swift */; };
		92E168042A291C7500EE1EF7 /* CatEndpoint.swift in Sources */ = {isa = PBXBuildFile; fileRef = 92E168032A291C7500EE1EF7 /* CatEndpoint.swift */; };
		92E168062A291CC000EE1EF7 /* ApiManager.swift in Sources */ = {isa = PBXBuildFile; fileRef = 92E168052A291CC000EE1EF7 /* ApiManager.swift */; };
		92E1680A2A291D1500EE1EF7 /* APIError.swift in Sources */ = {isa = PBXBuildFile; fileRef = 92E168092A291D1500EE1EF7 /* APIError.swift */; };
		92E1680C2A291D2000EE1EF7 /* Endpoint.swift in Sources */ = {isa = PBXBuildFile; fileRef = 92E1680B2A291D2000EE1EF7 /* Endpoint.swift */; };
		92E1680E2A291D2D00EE1EF7 /* HTTPMethod.swift in Sources */ = {isa = PBXBuildFile; fileRef = 92E1680D2A291D2D00EE1EF7 /* HTTPMethod.swift */; };
		92E168102A291D3800EE1EF7 /* HTTPHeader.swift in Sources */ = {isa = PBXBuildFile; fileRef = 92E1680F2A291D3800EE1EF7 /* HTTPHeader.swift */; };
		92E168132A291F0400EE1EF7 /* Constants.swift in Sources */ = {isa = PBXBuildFile; fileRef = 92E168122A291F0400EE1EF7 /* Constants.swift */; };
		92E168192A292F1500EE1EF7 /* CatsListView.swift in Sources */ = {isa = PBXBuildFile; fileRef = 92E168182A292F1500EE1EF7 /* CatsListView.swift */; };
		92E1681B2A292F4000EE1EF7 /* CatsListItemView.swift in Sources */ = {isa = PBXBuildFile; fileRef = 92E1681A2A292F4000EE1EF7 /* CatsListItemView.swift */; };
		92E1681E2A29309400EE1EF7 /* Cat.swift in Sources */ = {isa = PBXBuildFile; fileRef = 92E1681D2A29309400EE1EF7 /* Cat.swift */; };
		92E168262A2934AD00EE1EF7 /* CatListViewModel.swift in Sources */ = {isa = PBXBuildFile; fileRef = 92E168252A2934AD00EE1EF7 /* CatListViewModel.swift */; };
		92E168292A293DA700EE1EF7 /* OnFirstAppearViewModifier.swift in Sources */ = {isa = PBXBuildFile; fileRef = 92E168282A293DA700EE1EF7 /* OnFirstAppearViewModifier.swift */; };
		92E1682B2A2A3CB900EE1EF7 /* CatImage.swift in Sources */ = {isa = PBXBuildFile; fileRef = 92E1682A2A2A3CB900EE1EF7 /* CatImage.swift */; };
		92E1682E2A2A442C00EE1EF7 /* CatDetailView.swift in Sources */ = {isa = PBXBuildFile; fileRef = 92E1682D2A2A442C00EE1EF7 /* CatDetailView.swift */; };
/* End PBXBuildFile section */

/* Begin PBXFileReference section */
		92671B9F2A2B53DB005E351B /* WebView.swift */ = {isa = PBXFileReference; lastKnownFileType = sourcecode.swift; path = WebView.swift; sourceTree = "<group>"; };
		92E167CA2A27CD3D00EE1EF7 /* 4IT532-project.app */ = {isa = PBXFileReference; explicitFileType = wrapper.application; includeInIndex = 0; path = "4IT532-project.app"; sourceTree = BUILT_PRODUCTS_DIR; };
		92E167CF2A27CD3D00EE1EF7 /* ContentView.swift */ = {isa = PBXFileReference; lastKnownFileType = sourcecode.swift; path = ContentView.swift; sourceTree = "<group>"; };
		92E167DE2A29195C00EE1EF7 /* App.swift */ = {isa = PBXFileReference; lastKnownFileType = sourcecode.swift; path = App.swift; sourceTree = "<group>"; };
		92E167E12A291A6F00EE1EF7 /* Preview Content */ = {isa = PBXFileReference; fileEncoding = 4; lastKnownFileType = text; name = "Preview Content"; path = "4IT532-project/Preview Content"; sourceTree = SOURCE_ROOT; };
		92E167FD2A291B9F00EE1EF7 /* DIContainer.swift */ = {isa = PBXFileReference; lastKnownFileType = sourcecode.swift; path = DIContainer.swift; sourceTree = "<group>"; };
		92E168002A291BEE00EE1EF7 /* Logger.swift */ = {isa = PBXFileReference; lastKnownFileType = sourcecode.swift; path = Logger.swift; sourceTree = "<group>"; };
		92E168032A291C7500EE1EF7 /* CatEndpoint.swift */ = {isa = PBXFileReference; lastKnownFileType = sourcecode.swift; path = CatEndpoint.swift; sourceTree = "<group>"; };
		92E168052A291CC000EE1EF7 /* ApiManager.swift */ = {isa = PBXFileReference; lastKnownFileType = sourcecode.swift; path = ApiManager.swift; sourceTree = "<group>"; };
		92E168092A291D1500EE1EF7 /* APIError.swift */ = {isa = PBXFileReference; lastKnownFileType = sourcecode.swift; path = APIError.swift; sourceTree = "<group>"; };
		92E1680B2A291D2000EE1EF7 /* Endpoint.swift */ = {isa = PBXFileReference; lastKnownFileType = sourcecode.swift; path = Endpoint.swift; sourceTree = "<group>"; };
		92E1680D2A291D2D00EE1EF7 /* HTTPMethod.swift */ = {isa = PBXFileReference; lastKnownFileType = sourcecode.swift; path = HTTPMethod.swift; sourceTree = "<group>"; };
		92E1680F2A291D3800EE1EF7 /* HTTPHeader.swift */ = {isa = PBXFileReference; lastKnownFileType = sourcecode.swift; path = HTTPHeader.swift; sourceTree = "<group>"; };
		92E168122A291F0400EE1EF7 /* Constants.swift */ = {isa = PBXFileReference; lastKnownFileType = sourcecode.swift; path = Constants.swift; sourceTree = "<group>"; };
		92E168182A292F1500EE1EF7 /* CatsListView.swift */ = {isa = PBXFileReference; lastKnownFileType = sourcecode.swift; path = CatsListView.swift; sourceTree = "<group>"; };
		92E1681A2A292F4000EE1EF7 /* CatsListItemView.swift */ = {isa = PBXFileReference; lastKnownFileType = sourcecode.swift; path = CatsListItemView.swift; sourceTree = "<group>"; };
		92E1681D2A29309400EE1EF7 /* Cat.swift */ = {isa = PBXFileReference; lastKnownFileType = sourcecode.swift; path = Cat.swift; sourceTree = "<group>"; };
		92E168252A2934AD00EE1EF7 /* CatListViewModel.swift */ = {isa = PBXFileReference; lastKnownFileType = sourcecode.swift; path = CatListViewModel.swift; sourceTree = "<group>"; };
		92E168282A293DA700EE1EF7 /* OnFirstAppearViewModifier.swift */ = {isa = PBXFileReference; lastKnownFileType = sourcecode.swift; path = OnFirstAppearViewModifier.swift; sourceTree = "<group>"; };
		92E1682A2A2A3CB900EE1EF7 /* CatImage.swift */ = {isa = PBXFileReference; lastKnownFileType = sourcecode.swift; path = CatImage.swift; sourceTree = "<group>"; };
		92E1682D2A2A442C00EE1EF7 /* CatDetailView.swift */ = {isa = PBXFileReference; lastKnownFileType = sourcecode.swift; path = CatDetailView.swift; sourceTree = "<group>"; };
/* End PBXFileReference section */

/* Begin PBXFrameworksBuildPhase section */
		92E167C72A27CD3D00EE1EF7 /* Frameworks */ = {
			isa = PBXFrameworksBuildPhase;
			buildActionMask = 2147483647;
			files = (
			);
			runOnlyForDeploymentPostprocessing = 0;
		};
/* End PBXFrameworksBuildPhase section */

/* Begin PBXGroup section */
		92E167C12A27CD3D00EE1EF7 = {
			isa = PBXGroup;
			children = (
				92E167CC2A27CD3D00EE1EF7 /* 4IT532-project */,
				92E167CB2A27CD3D00EE1EF7 /* Products */,
			);
			sourceTree = "<group>";
		};
		92E167CB2A27CD3D00EE1EF7 /* Products */ = {
			isa = PBXGroup;
			children = (
				92E167CA2A27CD3D00EE1EF7 /* 4IT532-project.app */,
			);
			name = Products;
			sourceTree = "<group>";
		};
		92E167CC2A27CD3D00EE1EF7 /* 4IT532-project */ = {
			isa = PBXGroup;
			children = (
				92E168272A293D9500EE1EF7 /* Utils */,
				92E168112A291EF400EE1EF7 /* Model */,
				92E167FF2A291BC800EE1EF7 /* Logger */,
				92E167E12A291A6F00EE1EF7 /* Preview Content */,
				92E167E02A2919A700EE1EF7 /* Scenes */,
				92E167DD2A2918B000EE1EF7 /* App */,
				92E167DC2A2918A600EE1EF7 /* DI */,
				92E167DB2A29189C00EE1EF7 /* API */,
			);
			path = "4IT532-project";
			sourceTree = "<group>";
		};
		92E167DB2A29189C00EE1EF7 /* API */ = {
			isa = PBXGroup;
			children = (
				92E168022A291C5E00EE1EF7 /* Endpoints */,
				92E168052A291CC000EE1EF7 /* ApiManager.swift */,
				92E168092A291D1500EE1EF7 /* APIError.swift */,
				92E1680B2A291D2000EE1EF7 /* Endpoint.swift */,
				92E1680D2A291D2D00EE1EF7 /* HTTPMethod.swift */,
				92E1680F2A291D3800EE1EF7 /* HTTPHeader.swift */,
			);
			path = API;
			sourceTree = "<group>";
		};
		92E167DC2A2918A600EE1EF7 /* DI */ = {
			isa = PBXGroup;
			children = (
				92E167FD2A291B9F00EE1EF7 /* DIContainer.swift */,
			);
			path = DI;
			sourceTree = "<group>";
		};
		92E167DD2A2918B000EE1EF7 /* App */ = {
			isa = PBXGroup;
			children = (
				92E167DE2A29195C00EE1EF7 /* App.swift */,
			);
			path = App;
			sourceTree = "<group>";
		};
		92E167E02A2919A700EE1EF7 /* Scenes */ = {
			isa = PBXGroup;
			children = (
				92E1682C2A2A43E200EE1EF7 /* Cat Detail */,
				92E168172A292EFD00EE1EF7 /* Cats */,
				92E167CF2A27CD3D00EE1EF7 /* ContentView.swift */,
				92671B9F2A2B53DB005E351B /* WebView.swift */,
			);
			path = Scenes;
			sourceTree = "<group>";
		};
		92E167FF2A291BC800EE1EF7 /* Logger */ = {
			isa = PBXGroup;
			children = (
				92E168002A291BEE00EE1EF7 /* Logger.swift */,
			);
			path = Logger;
			sourceTree = "<group>";
		};
		92E168022A291C5E00EE1EF7 /* Endpoints */ = {
			isa = PBXGroup;
			children = (
				92E168032A291C7500EE1EF7 /* CatEndpoint.swift */,
			);
			path = Endpoints;
			sourceTree = "<group>";
		};
		92E168112A291EF400EE1EF7 /* Model */ = {
			isa = PBXGroup;
			children = (
				92E1681C2A29301000EE1EF7 /* Domain */,
				92E168122A291F0400EE1EF7 /* Constants.swift */,
			);
			path = Model;
			sourceTree = "<group>";
		};
		92E168172A292EFD00EE1EF7 /* Cats */ = {
			isa = PBXGroup;
			children = (
				92E168182A292F1500EE1EF7 /* CatsListView.swift */,
				92E1681A2A292F4000EE1EF7 /* CatsListItemView.swift */,
				92E168252A2934AD00EE1EF7 /* CatListViewModel.swift */,
			);
			path = Cats;
			sourceTree = "<group>";
		};
		92E1681C2A29301000EE1EF7 /* Domain */ = {
			isa = PBXGroup;
			children = (
				92E1681D2A29309400EE1EF7 /* Cat.swift */,
				92E1682A2A2A3CB900EE1EF7 /* CatImage.swift */,
			);
			path = Domain;
			sourceTree = "<group>";
		};
		92E168272A293D9500EE1EF7 /* Utils */ = {
			isa = PBXGroup;
			children = (
				92E168282A293DA700EE1EF7 /* OnFirstAppearViewModifier.swift */,
			);
			path = Utils;
			sourceTree = "<group>";
		};
		92E1682C2A2A43E200EE1EF7 /* Cat Detail */ = {
			isa = PBXGroup;
			children = (
				92E1682D2A2A442C00EE1EF7 /* CatDetailView.swift */,
			);
			path = "Cat Detail";
			sourceTree = "<group>";
		};
/* End PBXGroup section */

/* Begin PBXNativeTarget section */
		92E167C92A27CD3D00EE1EF7 /* 4IT532-project */ = {
			isa = PBXNativeTarget;
			buildConfigurationList = 92E167D82A27CD3F00EE1EF7 /* Build configuration list for PBXNativeTarget "4IT532-project" */;
			buildPhases = (
				92E167C62A27CD3D00EE1EF7 /* Sources */,
				92E167C72A27CD3D00EE1EF7 /* Frameworks */,
				92E167C82A27CD3D00EE1EF7 /* Resources */,
			);
			buildRules = (
			);
			dependencies = (
			);
			name = "4IT532-project";
			productName = "4IT532-project";
			productReference = 92E167CA2A27CD3D00EE1EF7 /* 4IT532-project.app */;
			productType = "com.apple.product-type.application";
		};
/* End PBXNativeTarget section */

/* Begin PBXProject section */
		92E167C22A27CD3D00EE1EF7 /* Project object */ = {
			isa = PBXProject;
			attributes = {
				BuildIndependentTargetsInParallel = 1;
				LastSwiftUpdateCheck = 1420;
				LastUpgradeCheck = 1420;
				TargetAttributes = {
					92E167C92A27CD3D00EE1EF7 = {
						CreatedOnToolsVersion = 14.2;
					};
				};
			};
			buildConfigurationList = 92E167C52A27CD3D00EE1EF7 /* Build configuration list for PBXProject "4IT532-project" */;
			compatibilityVersion = "Xcode 14.0";
			developmentRegion = en;
			hasScannedForEncodings = 0;
			knownRegions = (
				en,
				Base,
			);
			mainGroup = 92E167C12A27CD3D00EE1EF7;
			productRefGroup = 92E167CB2A27CD3D00EE1EF7 /* Products */;
			projectDirPath = "";
			projectRoot = "";
			targets = (
				92E167C92A27CD3D00EE1EF7 /* 4IT532-project */,
			);
		};
/* End PBXProject section */

/* Begin PBXResourcesBuildPhase section */
		92E167C82A27CD3D00EE1EF7 /* Resources */ = {
			isa = PBXResourcesBuildPhase;
			buildActionMask = 2147483647;
			files = (
				92E167E22A291A6F00EE1EF7 /* Preview Content in Resources */,
			);
			runOnlyForDeploymentPostprocessing = 0;
		};
/* End PBXResourcesBuildPhase section */

/* Begin PBXSourcesBuildPhase section */
		92E167C62A27CD3D00EE1EF7 /* Sources */ = {
			isa = PBXSourcesBuildPhase;
			buildActionMask = 2147483647;
			files = (
				92E167D02A27CD3D00EE1EF7 /* ContentView.swift in Sources */,
				92E1680C2A291D2000EE1EF7 /* Endpoint.swift in Sources */,
				92E167FE2A291B9F00EE1EF7 /* DIContainer.swift in Sources */,
				92E167DF2A29195C00EE1EF7 /* App.swift in Sources */,
				92E1682B2A2A3CB900EE1EF7 /* CatImage.swift in Sources */,
				92E1681B2A292F4000EE1EF7 /* CatsListItemView.swift in Sources */,
				92E168262A2934AD00EE1EF7 /* CatListViewModel.swift in Sources */,
				92E168292A293DA700EE1EF7 /* OnFirstAppearViewModifier.swift in Sources */,
				92E168042A291C7500EE1EF7 /* CatEndpoint.swift in Sources */,
				92E168062A291CC000EE1EF7 /* ApiManager.swift in Sources */,
				92E1680A2A291D1500EE1EF7 /* APIError.swift in Sources */,
				92E1682E2A2A442C00EE1EF7 /* CatDetailView.swift in Sources */,
				92E168012A291BEE00EE1EF7 /* Logger.swift in Sources */,
				92671BA02A2B53DB005E351B /* WebView.swift in Sources */,
				92E168192A292F1500EE1EF7 /* CatsListView.swift in Sources */,
				92E168102A291D3800EE1EF7 /* HTTPHeader.swift in Sources */,
				92E1681E2A29309400EE1EF7 /* Cat.swift in Sources */,
				92E1680E2A291D2D00EE1EF7 /* HTTPMethod.swift in Sources */,
				92E168132A291F0400EE1EF7 /* Constants.swift in Sources */,
			);
			runOnlyForDeploymentPostprocessing = 0;
		};
/* End PBXSourcesBuildPhase section */

/* Begin XCBuildConfiguration section */
		92E167D62A27CD3F00EE1EF7 /* Debug */ = {
			isa = XCBuildConfiguration;
			buildSettings = {
				ALWAYS_SEARCH_USER_PATHS = NO;
				CLANG_ANALYZER_NONNULL = YES;
				CLANG_ANALYZER_NUMBER_OBJECT_CONVERSION = YES_AGGRESSIVE;
				CLANG_CXX_LANGUAGE_STANDARD = "gnu++20";
				CLANG_ENABLE_MODULES = YES;
				CLANG_ENABLE_OBJC_ARC = YES;
				CLANG_ENABLE_OBJC_WEAK = YES;
				CLANG_WARN_BLOCK_CAPTURE_AUTORELEASING = YES;
				CLANG_WARN_BOOL_CONVERSION = YES;
				CLANG_WARN_COMMA = YES;
				CLANG_WARN_CONSTANT_CONVERSION = YES;
				CLANG_WARN_DEPRECATED_OBJC_IMPLEMENTATIONS = YES;
				CLANG_WARN_DIRECT_OBJC_ISA_USAGE = YES_ERROR;
				CLANG_WARN_DOCUMENTATION_COMMENTS = YES;
				CLANG_WARN_EMPTY_BODY = YES;
				CLANG_WARN_ENUM_CONVERSION = YES;
				CLANG_WARN_INFINITE_RECURSION = YES;
				CLANG_WARN_INT_CONVERSION = YES;
				CLANG_WARN_NON_LITERAL_NULL_CONVERSION = YES;
				CLANG_WARN_OBJC_IMPLICIT_RETAIN_SELF = YES;
				CLANG_WARN_OBJC_LITERAL_CONVERSION = YES;
				CLANG_WARN_OBJC_ROOT_CLASS = YES_ERROR;
				CLANG_WARN_QUOTED_INCLUDE_IN_FRAMEWORK_HEADER = YES;
				CLANG_WARN_RANGE_LOOP_ANALYSIS = YES;
				CLANG_WARN_STRICT_PROTOTYPES = YES;
				CLANG_WARN_SUSPICIOUS_MOVE = YES;
				CLANG_WARN_UNGUARDED_AVAILABILITY = YES_AGGRESSIVE;
				CLANG_WARN_UNREACHABLE_CODE = YES;
				CLANG_WARN__DUPLICATE_METHOD_MATCH = YES;
				COPY_PHASE_STRIP = NO;
				DEBUG_INFORMATION_FORMAT = dwarf;
				ENABLE_STRICT_OBJC_MSGSEND = YES;
				ENABLE_TESTABILITY = YES;
				GCC_C_LANGUAGE_STANDARD = gnu11;
				GCC_DYNAMIC_NO_PIC = NO;
				GCC_NO_COMMON_BLOCKS = YES;
				GCC_OPTIMIZATION_LEVEL = 0;
				GCC_PREPROCESSOR_DEFINITIONS = (
					"DEBUG=1",
					"$(inherited)",
				);
				GCC_WARN_64_TO_32_BIT_CONVERSION = YES;
				GCC_WARN_ABOUT_RETURN_TYPE = YES_ERROR;
				GCC_WARN_UNDECLARED_SELECTOR = YES;
				GCC_WARN_UNINITIALIZED_AUTOS = YES_AGGRESSIVE;
				GCC_WARN_UNUSED_FUNCTION = YES;
				GCC_WARN_UNUSED_VARIABLE = YES;
				IPHONEOS_DEPLOYMENT_TARGET = 16.2;
				MTL_ENABLE_DEBUG_INFO = INCLUDE_SOURCE;
				MTL_FAST_MATH = YES;
				ONLY_ACTIVE_ARCH = YES;
				SDKROOT = iphoneos;
				SWIFT_ACTIVE_COMPILATION_CONDITIONS = DEBUG;
				SWIFT_OPTIMIZATION_LEVEL = "-Onone";
			};
			name = Debug;
		};
		92E167D72A27CD3F00EE1EF7 /* Release */ = {
			isa = XCBuildConfiguration;
			buildSettings = {
				ALWAYS_SEARCH_USER_PATHS = NO;
				CLANG_ANALYZER_NONNULL = YES;
				CLANG_ANALYZER_NUMBER_OBJECT_CONVERSION = YES_AGGRESSIVE;
				CLANG_CXX_LANGUAGE_STANDARD = "gnu++20";
				CLANG_ENABLE_MODULES = YES;
				CLANG_ENABLE_OBJC_ARC = YES;
				CLANG_ENABLE_OBJC_WEAK = YES;
				CLANG_WARN_BLOCK_CAPTURE_AUTORELEASING = YES;
				CLANG_WARN_BOOL_CONVERSION = YES;
				CLANG_WARN_COMMA = YES;
				CLANG_WARN_CONSTANT_CONVERSION = YES;
				CLANG_WARN_DEPRECATED_OBJC_IMPLEMENTATIONS = YES;
				CLANG_WARN_DIRECT_OBJC_ISA_USAGE = YES_ERROR;
				CLANG_WARN_DOCUMENTATION_COMMENTS = YES;
				CLANG_WARN_EMPTY_BODY = YES;
				CLANG_WARN_ENUM_CONVERSION = YES;
				CLANG_WARN_INFINITE_RECURSION = YES;
				CLANG_WARN_INT_CONVERSION = YES;
				CLANG_WARN_NON_LITERAL_NULL_CONVERSION = YES;
				CLANG_WARN_OBJC_IMPLICIT_RETAIN_SELF = YES;
				CLANG_WARN_OBJC_LITERAL_CONVERSION = YES;
				CLANG_WARN_OBJC_ROOT_CLASS = YES_ERROR;
				CLANG_WARN_QUOTED_INCLUDE_IN_FRAMEWORK_HEADER = YES;
				CLANG_WARN_RANGE_LOOP_ANALYSIS = YES;
				CLANG_WARN_STRICT_PROTOTYPES = YES;
				CLANG_WARN_SUSPICIOUS_MOVE = YES;
				CLANG_WARN_UNGUARDED_AVAILABILITY = YES_AGGRESSIVE;
				CLANG_WARN_UNREACHABLE_CODE = YES;
				CLANG_WARN__DUPLICATE_METHOD_MATCH = YES;
				COPY_PHASE_STRIP = NO;
				DEBUG_INFORMATION_FORMAT = "dwarf-with-dsym";
				ENABLE_NS_ASSERTIONS = NO;
				ENABLE_STRICT_OBJC_MSGSEND = YES;
				GCC_C_LANGUAGE_STANDARD = gnu11;
				GCC_NO_COMMON_BLOCKS = YES;
				GCC_WARN_64_TO_32_BIT_CONVERSION = YES;
				GCC_WARN_ABOUT_RETURN_TYPE = YES_ERROR;
				GCC_WARN_UNDECLARED_SELECTOR = YES;
				GCC_WARN_UNINITIALIZED_AUTOS = YES_AGGRESSIVE;
				GCC_WARN_UNUSED_FUNCTION = YES;
				GCC_WARN_UNUSED_VARIABLE = YES;
				IPHONEOS_DEPLOYMENT_TARGET = 16.2;
				MTL_ENABLE_DEBUG_INFO = NO;
				MTL_FAST_MATH = YES;
				SDKROOT = iphoneos;
				SWIFT_COMPILATION_MODE = wholemodule;
				SWIFT_OPTIMIZATION_LEVEL = "-O";
				VALIDATE_PRODUCT = YES;
			};
			name = Release;
		};
		92E167D92A27CD3F00EE1EF7 /* Debug */ = {
			isa = XCBuildConfiguration;
			buildSettings = {
				ASSETCATALOG_COMPILER_APPICON_NAME = AppIcon;
				ASSETCATALOG_COMPILER_GLOBAL_ACCENT_COLOR_NAME = AccentColor;
				CODE_SIGN_STYLE = Automatic;
				CURRENT_PROJECT_VERSION = 1;
				DEVELOPMENT_ASSET_PATHS = "\"4IT532-project/Preview Content\"";
				ENABLE_PREVIEWS = YES;
				GENERATE_INFOPLIST_FILE = YES;
				INFOPLIST_KEY_UIApplicationSceneManifest_Generation = YES;
				INFOPLIST_KEY_UIApplicationSupportsIndirectInputEvents = YES;
				INFOPLIST_KEY_UILaunchScreen_Generation = YES;
				INFOPLIST_KEY_UISupportedInterfaceOrientations_iPad = "UIInterfaceOrientationPortrait UIInterfaceOrientationPortraitUpsideDown UIInterfaceOrientationLandscapeLeft UIInterfaceOrientationLandscapeRight";
				INFOPLIST_KEY_UISupportedInterfaceOrientations_iPhone = "UIInterfaceOrientationPortrait UIInterfaceOrientationLandscapeLeft UIInterfaceOrientationLandscapeRight";
				LD_RUNPATH_SEARCH_PATHS = (
					"$(inherited)",
					"@executable_path/Frameworks",
				);
				MARKETING_VERSION = 1.0;
				PRODUCT_BUNDLE_IDENTIFIER = "vse.podj00.-IT532-project";
				PRODUCT_NAME = "$(TARGET_NAME)";
				SWIFT_EMIT_LOC_STRINGS = YES;
				SWIFT_VERSION = 5.0;
				TARGETED_DEVICE_FAMILY = "1,2";
			};
			name = Debug;
		};
		92E167DA2A27CD3F00EE1EF7 /* Release */ = {
			isa = XCBuildConfiguration;
			buildSettings = {
				ASSETCATALOG_COMPILER_APPICON_NAME = AppIcon;
				ASSETCATALOG_COMPILER_GLOBAL_ACCENT_COLOR_NAME = AccentColor;
				CODE_SIGN_STYLE = Automatic;
				CURRENT_PROJECT_VERSION = 1;
				DEVELOPMENT_ASSET_PATHS = "\"4IT532-project/Preview Content\"";
				ENABLE_PREVIEWS = YES;
				GENERATE_INFOPLIST_FILE = YES;
				INFOPLIST_KEY_UIApplicationSceneManifest_Generation = YES;
				INFOPLIST_KEY_UIApplicationSupportsIndirectInputEvents = YES;
				INFOPLIST_KEY_UILaunchScreen_Generation = YES;
				INFOPLIST_KEY_UISupportedInterfaceOrientations_iPad = "UIInterfaceOrientationPortrait UIInterfaceOrientationPortraitUpsideDown UIInterfaceOrientationLandscapeLeft UIInterfaceOrientationLandscapeRight";
				INFOPLIST_KEY_UISupportedInterfaceOrientations_iPhone = "UIInterfaceOrientationPortrait UIInterfaceOrientationLandscapeLeft UIInterfaceOrientationLandscapeRight";
				LD_RUNPATH_SEARCH_PATHS = (
					"$(inherited)",
					"@executable_path/Frameworks",
				);
				MARKETING_VERSION = 1.0;
				PRODUCT_BUNDLE_IDENTIFIER = "vse.podj00.-IT532-project";
				PRODUCT_NAME = "$(TARGET_NAME)";
				SWIFT_EMIT_LOC_STRINGS = YES;
				SWIFT_VERSION = 5.0;
				TARGETED_DEVICE_FAMILY = "1,2";
			};
			name = Release;
		};
/* End XCBuildConfiguration section */

/* Begin XCConfigurationList section */
		92E167C52A27CD3D00EE1EF7 /* Build configuration list for PBXProject "4IT532-project" */ = {
			isa = XCConfigurationList;
			buildConfigurations = (
				92E167D62A27CD3F00EE1EF7 /* Debug */,
				92E167D72A27CD3F00EE1EF7 /* Release */,
			);
			defaultConfigurationIsVisible = 0;
			defaultConfigurationName = Release;
		};
		92E167D82A27CD3F00EE1EF7 /* Build configuration list for PBXNativeTarget "4IT532-project" */ = {
			isa = XCConfigurationList;
			buildConfigurations = (
				92E167D92A27CD3F00EE1EF7 /* Debug */,
				92E167DA2A27CD3F00EE1EF7 /* Release */,
			);
			defaultConfigurationIsVisible = 0;
			defaultConfigurationName = Release;
		};
/* End XCConfigurationList section */
	};
	rootObject = 92E167C22A27CD3D00EE1EF7 /* Project object */;
}
